
Microsoft Visual Studio Solution File, Format Version 12.00
# Visual Studio 14
VisualStudioVersion = 14.0.25420.1
MinimumVisualStudioVersion = 10.0.40219.1
Project("{FAE04EC0-301F-11D3-BF4B-00C04F79EFBC}") = "Scan3D", "Scan3D\Scan3D.csproj", "{0D67668D-AF4D-432D-ACF4-CDD762FDBE49}"
EndProject
Project("{FAE04EC0-301F-11D3-BF4B-00C04F79EFBC}") = "Scan3DTests", "Scan3DTests\Scan3DTests.csproj", "{88F821DF-096D-4903-9F2B-137017690856}"
EndProject
Project("{FAE04EC0-301F-11D3-BF4B-00C04F79EFBC}") = "TextureMappingExperiments", "TextureMappingExperiments\TextureMappingExperiments.csproj", "{64888EF4-46CC-4D54-86E5-6B8ACC1AE4BF}"
EndProject
Global
	GlobalSection(SolutionConfigurationPlatforms) = preSolution
		Debug|Any CPU = Debug|Any CPU
		Release|Any CPU = Release|Any CPU
	EndGlobalSection
	GlobalSection(ProjectConfigurationPlatforms) = postSolution
		{0D67668D-AF4D-432D-ACF4-CDD762FDBE49}.Debug|Any CPU.ActiveCfg = Debug|Any CPU
		{0D67668D-AF4D-432D-ACF4-CDD762FDBE49}.Debug|Any CPU.Build.0 = Debug|Any CPU
		{0D67668D-AF4D-432D-ACF4-CDD762FDBE49}.Release|Any CPU.ActiveCfg = Release|Any CPU
		{0D67668D-AF4D-432D-ACF4-CDD762FDBE49}.Release|Any CPU.Build.0 = Release|Any CPU
		{88F821DF-096D-4903-9F2B-137017690856}.Debug|Any CPU.ActiveCfg = Debug|Any CPU
		{88F821DF-096D-4903-9F2B-137017690856}.Debug|Any CPU.Build.0 = Debug|Any CPU
		{88F821DF-096D-4903-9F2B-137017690856}.Release|Any CPU.ActiveCfg = Release|Any CPU
		{88F821DF-096D-4903-9F2B-137017690856}.Release|Any CPU.Build.0 = Release|Any CPU
		{64888EF4-46CC-4D54-86E5-6B8ACC1AE4BF}.Debug|Any CPU.ActiveCfg = Debug|Any CPU
		{64888EF4-46CC-4D54-86E5-6B8ACC1AE4BF}.Debug|Any CPU.Build.0 = Debug|Any CPU
		{64888EF4-46CC-4D54-86E5-6B8ACC1AE4BF}.Release|Any CPU.ActiveCfg = Release|Any CPU
		{64888EF4-46CC-4D54-86E5-6B8ACC1AE4BF}.Release|Any CPU.Build.0 = Release|Any CPU
	EndGlobalSection
	GlobalSection(SolutionProperties) = preSolution
		HideSolutionNode = FALSE
	EndGlobalSection
EndGlobal
